<?xml version="1.0" encoding="utf-8"?>
<Project ToolsVersion="4.0" xmlns="http://schemas.microsoft.com/developer/msbuild/2003">
  <ItemGroup>
    <ClInclude Include="CNICHash.h">
      <Filter>Housing</Filter>
    </ClInclude>
    <ClInclude Include="IHousingRepository.h">
      <Filter>Housing</Filter>
    </ClInclude>
    <ClInclude Include="Person.h">
      <Filter>Housing</Filter>
    </ClInclude>
    <ClInclude Include="Bus.h">
      <Filter>Transport</Filter>
    </ClInclude>
    <ClInclude Include="TransportService.h">
      <Filter>Transport</Filter>
    </ClInclude>
    <ClInclude Include="PopulationService.h">
      <Filter>Housing</Filter>
    </ClInclude>
    <ClInclude Include="Coordinate.h" />
    <ClInclude Include="Stop.h">
      <Filter>Transport</Filter>
    </ClInclude>
    <ClInclude Include="ITransportRepository.h">
      <Filter>Transport</Filter>
    </ClInclude>
  </ItemGroup>
  <ItemGroup>
    <ClCompile Include="TransportService.cpp">
      <Filter>Transport</Filter>
    </ClCompile>
    <ClCompile Include="Bus.cpp">
      <Filter>Transport</Filter>
    </ClCompile>
    <ClCompile Include="CNICHash.cpp">
      <Filter>Housing</Filter>
    </ClCompile>
    <ClCompile Include="Person.cpp">
      <Filter>Housing</Filter>
    </ClCompile>
    <ClCompile Include="PopulationService.cpp">
      <Filter>Housing</Filter>
    </ClCompile>
  </ItemGroup>
  <ItemGroup>
    <Filter Include="Housing">
      <UniqueIdentifier>{7385134d-872b-46e3-a34a-26821c18a0da}</UniqueIdentifier>
    </Filter>
    <Filter Include="Transport">
      <UniqueIdentifier>{845c6e4c-245f-4a00-8ff3-ec0f5c90f1a3}</UniqueIdentifier>
    </Filter>
  </ItemGroup>
</Project>